github.com/ProtonMail/go-crypto v1.5.1 h1:pTrLDQHyOT8y3DFYIpijgPBTw/7E2GLMimutvOlceuE=
github.com/ProtonMail/go-crypto v1.5.1/go.mod h1:/RaSu30DaKO4RY+XdV/ACcCcZkGr7AhUIduq5sjzzCo=
github.com/cloudflare/circl v1.6.3 h1:9GPOhQGF9MCYUeXyMYlqTR6a5gTrgR/fBLXvUgtVcg8=
github.com/cloudflare/circl v1.6.3/go.mod h1:2eXP6Qfat4O/Yhh8BznvKnJ+uzEoTQ6jVKJRn81BiS4=
go.osspkg.com/casecheck v0.3.2 h1:KDdtEsEnGcDKjtg8FKL0hjnVZ7kusmXBD/VS/5IKSjE=
go.osspkg.com/casecheck v0.3.2/go.mod h1:nf1vimi3VPl1o0hV+bKZsy3+1Qi8wNRRWiNGqivFV1A=
go.osspkg.com/errors v0.4.0 h1:E17+WyUzTXEHCTxGm8lOMPOOojzHG1lsOuQtTVGoATQ=
go.osspkg.com/errors v0.4.0/go.mod h1:s75ZovPemYtrCtRPVsbQNq9MgMbmLMK1NEypr+uwjXI=
go.osspkg.com/ioutils v0.8.0 h1:19RQ2dEw+7uAjPC2FiIM/vqplocpVLD8FLVd1+bJRpE=
go.osspkg.com/ioutils v0.8.0/go.mod h1:afZbM1uMrtfqSJS8OdQgSKfwQm50nHcCAHBSOMZYArE=
go.osspkg.com/random v0.5.1 h1:HC17mtURJvYpIPgouwd6PPHu74GP5pU2/XKninInUsQ=
go.osspkg.com/random v0.5.1/go.mod h1:lsg3FI87PQdjhVWIVo2GXyPBclipljUxjMlWqRl2cck=
go.osspkg.com/syncing v0.5.0 h1:mgrwnn6381GiLZsuAXGWKk3AnBdm9HbaYwPyBMPoa/k=
go.osspkg.com/syncing v0.5.0/go.mod h1:/LBmgCAHFW6nQgVDILpEuo6eRCFK1yyFeNbDs4eVNls=
golang.org/x/crypto v0.57.0 h1:3ZVCjf8Ggz7zneR/EHRVx68Ctf+2pmIMP2UFhh9cC6M=
golang.org/x/crypto v0.57.0/go.mod h1:Fdz0i5U6CoizGwLda9DttjSk6qlZo25zYNtR+ycvuZA=
golang.org/x/sys v0.48.0 h1:bbX/i/6MgT9BVLM9RT1thmxL04yeTAhbEz4SyadbXoo=
golang.org/x/sys v0.48.0/go.mod h1:hNLxWAXmnKAxqDtdwIYC4bM9oQPEecfsnNMuSxOs3og=
